
Microsoft Visual Studio Solution File, Format Version 12.00
# Visual Studio Version 16
VisualStudioVersion = 16.0.30104.148
MinimumVisualStudioVersion = 10.0.40219.1
Project("{FAE04EC0-301F-11D3-BF4B-00C04F79EFBC}") = "LoginAndRegisterApp", "LoginAndRegisterApp\LoginAndRegisterApp.csproj", "{C717C297-76CB-4296-B092-A7798D4D35E7}"
EndProject
Global
	GlobalSection(SolutionConfigurationPlatforms) = preSolution
		Debug|Any CPU = Debug|Any CPU
		Release|Any CPU = Release|Any CPU
	EndGlobalSection
	GlobalSection(ProjectConfigurationPlatforms) = postSolution
		{C717C297-76CB-4296-B092-A7798D4D35E7}.Debug|Any CPU.ActiveCfg = Debug|Any CPU
		{C717C297-76CB-4296-B092-A7798D4D35E7}.Debug|Any CPU.Build.0 = Debug|Any CPU
		{C717C297-76CB-4296-B092-A7798D4D35E7}.Release|Any CPU.ActiveCfg = Release|Any CPU
		{C717C297-76CB-4296-B092-A7798D4D35E7}.Release|Any CPU.Build.0 = Release|Any CPU
	EndGlobalSection
	GlobalSection(SolutionProperties) = preSolution
		HideSolutionNode = FALSE
	EndGlobalSection
	GlobalSection(ExtensibilityGlobals) = postSolution
		SolutionGuid = {90F42CB7-0FFF-4C2D-B577-C8A3E14331CD}
	EndGlobalSection
EndGlobal
